Microsoft Visual Studio Solution File, Format Version 12.00
# Visual Studio Version 17
VisualStudioVersion = 17.5.2.0
MinimumVisualStudioVersion = 10.0.40219.1
Project("{FAE04EC0-301F-11D3-BF4B-00C04F79EFBC}") = "Touresta.API", "Touresta.API.csproj", "{16D75ADE-0D23-4947-0F58-A8FA3EA99D2F}"
EndProject
Global
	GlobalSection(SolutionConfigurationPlatforms) = preSolution
		Debug|Any CPU = Debug|Any CPU
		Release|Any CPU = Release|Any CPU
	EndGlobalSection
	GlobalSection(ProjectConfigurationPlatforms) = postSolution
		{16D75ADE-0D23-4947-0F58-A8FA3EA99D2F}.Debug|Any CPU.ActiveCfg = Debug|Any CPU
		{16D75ADE-0D23-4947-0F58-A8FA3EA99D2F}.Debug|Any CPU.Build.0 = Debug|Any CPU
		{16D75ADE-0D23-4947-0F58-A8FA3EA99D2F}.Release|Any CPU.ActiveCfg = Release|Any CPU
		{16D75ADE-0D23-4947-0F58-A8FA3EA99D2F}.Release|Any CPU.Build.0 = Release|Any CPU
	EndGlobalSection
	GlobalSection(SolutionProperties) = preSolution
		HideSolutionNode = FALSE
	EndGlobalSection
	GlobalSection(ExtensibilityGlobals) = postSolution
		SolutionGuid = {E7430D01-1882-45BE-A7E2-86C36C18B39E}
	EndGlobalSection
EndGlobal
